// !$*UTF8*$!
{
	archiveVersion = 1;
	classes = {
	};
	objectVersion = 55;
	objects = {

/* Begin PBXBuildFile section */
		5EBF458EBBBBD4622EDA670D /* Pods_Snacktacular.framework in Frameworks */ = {isa = PBXBuildFile; fileRef = 2DA8035CF0D7100B86228B88 /* Pods_Snacktacular.framework */; };
		8511CB2727F4EA700020D72C /* AppDelegate.swift in Sources */ = {isa = PBXBuildFile; fileRef = 8511CB2627F4EA700020D72C /* AppDelegate.swift */; };
		8511CB2927F4EA700020D72C /* SceneDelegate.swift in Sources */ = {isa = PBXBuildFile; fileRef = 8511CB2827F4EA700020D72C /* SceneDelegate.swift */; };
		8511CB2B27F4EA700020D72C /* LoginViewController.swift in Sources */ = {isa = PBXBuildFile; fileRef = 8511CB2A27F4EA700020D72C /* LoginViewController.swift */; };
		8511CB2E27F4EA700020D72C /* Main.storyboard in Resources */ = {isa = PBXBuildFile; fileRef = 8511CB2C27F4EA700020D72C /* Main.storyboard */; };
		8511CB3027F4EA730020D72C /* Assets.xcassets in Resources */ = {isa = PBXBuildFile; fileRef = 8511CB2F27F4EA730020D72C /* Assets.xcassets */; };
		8511CB3327F4EA730020D72C /* LaunchScreen.storyboard in Resources */ = {isa = PBXBuildFile; fileRef = 8511CB3127F4EA730020D72C /* LaunchScreen.storyboard */; };
		8511CB3B27F4F5230020D72C /* GoogleService-Info.plist in Resources */ = {isa = PBXBuildFile; fileRef = 8511CB3A27F4F5230020D72C /* GoogleService-Info.plist */; };
		8511CB3D27F6269D0020D72C /* SpotsListViewController.swift in Sources */ = {isa = PBXBuildFile; fileRef = 8511CB3C27F6269D0020D72C /* SpotsListViewController.swift */; };
		8511CB3F27F647950020D72C /* SpotTableViewCell.swift in Sources */ = {isa = PBXBuildFile; fileRef = 8511CB3E27F647950020D72C /* SpotTableViewCell.swift */; };
		8511CB4127F64C760020D72C /* SpotDetailViewController.swift in Sources */ = {isa = PBXBuildFile; fileRef = 8511CB4027F64C760020D72C /* SpotDetailViewController.swift */; };
		8511CB4327FA02710020D72C /* Spot.swift in Sources */ = {isa = PBXBuildFile; fileRef = 8511CB4227FA02710020D72C /* Spot.swift */; };
		8511CB4527FA0E040020D72C /* UIViewController + alert .swift in Sources */ = {isa = PBXBuildFile; fileRef = 8511CB4427FA0E040020D72C /* UIViewController + alert .swift */; };
		8511CB4727FA14700020D72C /* Spots.swift in Sources */ = {isa = PBXBuildFile; fileRef = 8511CB4627FA14700020D72C /* Spots.swift */; };
		8511CB5327FBD0400020D72C /* APIKeys.swift in Sources */ = {isa = PBXBuildFile; fileRef = 8511CB5227FBD0400020D72C /* APIKeys.swift */; };
		8511CB552803A2F80020D72C /* ReviewTableViewController.swift in Sources */ = {isa = PBXBuildFile; fileRef = 8511CB542803A2F70020D72C /* ReviewTableViewController.swift */; };
		8511CB572803B5FD0020D72C /* Review.swift in Sources */ = {isa = PBXBuildFile; fileRef = 8511CB562803B5FC0020D72C /* Review.swift */; };
		8511CB5928049E050020D72C /* Reviews.swift in Sources */ = {isa = PBXBuildFile; fileRef = 8511CB5828049E050020D72C /* Reviews.swift */; };
		8511CB5B2804B30B0020D72C /* SpotReviewTableViewCell.swift in Sources */ = {isa = PBXBuildFile; fileRef = 8511CB5A2804B30B0020D72C /* SpotReviewTableViewCell.swift */; };
		8559C18A2810CD0000AB7DE6 /* UIView+addBorder.swift in Sources */ = {isa = PBXBuildFile; fileRef = 8559C1892810CD0000AB7DE6 /* UIView+addBorder.swift */; };
		8559C18C2810CE0600AB7DE6 /* UIBarButtonItem+hide.swift in Sources */ = {isa = PBXBuildFile; fileRef = 8559C18B2810CE0600AB7DE6 /* UIBarButtonItem+hide.swift */; };
/* End PBXBuildFile section */

/* Begin PBXFileReference section */
		2DA8035CF0D7100B86228B88 /* Pods_Snacktacular.framework */ = {isa = PBXFileReference; explicitFileType = wrapper.framework; includeInIndex = 0; path = Pods_Snacktacular.framework; sourceTree = BUILT_PRODUCTS_DIR; };
		8511CB2327F4EA700020D72C /* Snacktacular.app */ = {isa = PBXFileReference; explicitFileType = wrapper.application; includeInIndex = 0; path = Snacktacular.app; sourceTree = BUILT_PRODUCTS_DIR; };
		8511CB2627F4EA700020D72C /* AppDelegate.swift */ = {isa = PBXFileReference; lastKnownFileType = sourcecode.swift; path = AppDelegate.swift; sourceTree = "<group>"; };
		8511CB2827F4EA700020D72C /* SceneDelegate.swift */ = {isa = PBXFileReference; lastKnownFileType = sourcecode.swift; path = SceneDelegate.swift; sourceTree = "<group>"; };
		8511CB2A27F4EA700020D72C /* LoginViewController.swift */ = {isa = PBXFileReference; lastKnownFileType = sourcecode.swift; path = LoginViewController.swift; sourceTree = "<group>"; };
		8511CB2D27F4EA700020D72C /* Base */ = {isa = PBXFileReference; lastKnownFileType = file.storyboard; name = Base; path = Base.lproj/Main.storyboard; sourceTree = "<group>"; };
		8511CB2F27F4EA730020D72C /* Assets.xcassets */ = {isa = PBXFileReference; lastKnownFileType = folder.assetcatalog; path = Assets.xcassets; sourceTree = "<group>"; };
		8511CB3227F4EA730020D72C /* Base */ = {isa = PBXFileReference; lastKnownFileType = file.storyboard; name = Base; path = Base.lproj/LaunchScreen.storyboard; sourceTree = "<group>"; };
		8511CB3427F4EA730020D72C /* Info.plist */ = {isa = PBXFileReference; lastKnownFileType = text.plist.xml; path = Info.plist; sourceTree = "<group>"; };
		8511CB3A27F4F5230020D72C /* GoogleService-Info.plist */ = {isa = PBXFileReference; fileEncoding = 4; lastKnownFileType = text.plist.xml; path = "GoogleService-Info.plist"; sourceTree = "<group>"; };
		8511CB3C27F6269D0020D72C /* SpotsListViewController.swift */ = {isa = PBXFileReference; lastKnownFileType = sourcecode.swift; path = SpotsListViewController.swift; sourceTree = "<group>"; };
		8511CB3E27F647950020D72C /* SpotTableViewCell.swift */ = {isa = PBXFileReference; lastKnownFileType = sourcecode.swift; path = SpotTableViewCell.swift; sourceTree = "<group>"; };
		8511CB4027F64C760020D72C /* SpotDetailViewController.swift */ = {isa = PBXFileReference; lastKnownFileType = sourcecode.swift; path = SpotDetailViewController.swift; sourceTree = "<group>"; };
		8511CB4227FA02710020D72C /* Spot.swift */ = {isa = PBXFileReference; lastKnownFileType = sourcecode.swift; path = Spot.swift; sourceTree = "<group>"; };
		8511CB4427FA0E040020D72C /* UIViewController + alert .swift */ = {isa = PBXFileReference; fileEncoding = 4; lastKnownFileType = sourcecode.swift; path = "UIViewController + alert .swift"; sourceTree = "<group>"; };
		8511CB4627FA14700020D72C /* Spots.swift */ = {isa = PBXFileReference; lastKnownFileType = sourcecode.swift; path = Spots.swift; sourceTree = "<group>"; };
		8511CB5227FBD0400020D72C /* APIKeys.swift */ = {isa = PBXFileReference; lastKnownFileType = sourcecode.swift; path = APIKeys.swift; sourceTree = "<group>"; };
		8511CB542803A2F70020D72C /* ReviewTableViewController.swift */ = {isa = PBXFileReference; lastKnownFileType = sourcecode.swift; path = ReviewTableViewController.swift; sourceTree = "<group>"; };
		8511CB562803B5FC0020D72C /* Review.swift */ = {isa = PBXFileReference; lastKnownFileType = sourcecode.swift; path = Review.swift; sourceTree = "<group>"; };
		8511CB5828049E050020D72C /* Reviews.swift */ = {isa = PBXFileReference; lastKnownFileType = sourcecode.swift; path = Reviews.swift; sourceTree = "<group>"; };
		8511CB5A2804B30B0020D72C /* SpotReviewTableViewCell.swift */ = {isa = PBXFileReference; lastKnownFileType = sourcecode.swift; path = SpotReviewTableViewCell.swift; sourceTree = "<group>"; };
		8559C1892810CD0000AB7DE6 /* UIView+addBorder.swift */ = {isa = PBXFileReference; lastKnownFileType = sourcecode.swift; path = "UIView+addBorder.swift"; sourceTree = "<group>"; };
		8559C18B2810CE0600AB7DE6 /* UIBarButtonItem+hide.swift */ = {isa = PBXFileReference; lastKnownFileType = sourcecode.swift; path = "UIBarButtonItem+hide.swift"; sourceTree = "<group>"; };
		E83C340178C9FC36786616B8 /* Pods-Snacktacular.release.xcconfig */ = {isa = PBXFileReference; includeInIndex = 1; lastKnownFileType = text.xcconfig; name = "Pods-Snacktacular.release.xcconfig"; path = "Target Support Files/Pods-Snacktacular/Pods-Snacktacular.release.xcconfig"; sourceTree = "<group>"; };
		F70686CA0D0E0A4AF02001AD /* Pods-Snacktacular.debug.xcconfig */ = {isa = PBXFileReference; includeInIndex = 1; lastKnownFileType = text.xcconfig; name = "Pods-Snacktacular.debug.xcconfig"; path = "Target Support Files/Pods-Snacktacular/Pods-Snacktacular.debug.xcconfig"; sourceTree = "<group>"; };
/* End PBXFileReference section */

/* Begin PBXFrameworksBuildPhase section */
		8511CB2027F4EA700020D72C /* Frameworks */ = {
			isa = PBXFrameworksBuildPhase;
			buildActionMask = 2147483647;
			files = (
				5EBF458EBBBBD4622EDA670D /* Pods_Snacktacular.framework in Frameworks */,
			);
			runOnlyForDeploymentPostprocessing = 0;
		};
/* End PBXFrameworksBuildPhase section */

/* Begin PBXGroup section */
		8511CB1A27F4EA700020D72C = {
			isa = PBXGroup;
			children = (
				8511CB2527F4EA700020D72C /* Snacktacular */,
				8511CB2427F4EA700020D72C /* Products */,
				E1E19032FCEAB96ECA3030F4 /* Pods */,
				D2F2D4C669461B30512144D2 /* Frameworks */,
			);
			sourceTree = "<group>";
		};
		8511CB2427F4EA700020D72C /* Products */ = {
			isa = PBXGroup;
			children = (
				8511CB2327F4EA700020D72C /* Snacktacular.app */,
			);
			name = Products;
			sourceTree = "<group>";
		};
		8511CB2527F4EA700020D72C /* Snacktacular */ = {
			isa = PBXGroup;
			children = (
				8511CB2627F4EA700020D72C /* AppDelegate.swift */,
				8511CB2827F4EA700020D72C /* SceneDelegate.swift */,
				8511CB4227FA02710020D72C /* Spot.swift */,
				8511CB4627FA14700020D72C /* Spots.swift */,
				8511CB562803B5FC0020D72C /* Review.swift */,
				8511CB5828049E050020D72C /* Reviews.swift */,
				8511CB2A27F4EA700020D72C /* LoginViewController.swift */,
				8511CB3C27F6269D0020D72C /* SpotsListViewController.swift */,
				8511CB4027F64C760020D72C /* SpotDetailViewController.swift */,
				8511CB542803A2F70020D72C /* ReviewTableViewController.swift */,
				8511CB3E27F647950020D72C /* SpotTableViewCell.swift */,
				8511CB5A2804B30B0020D72C /* SpotReviewTableViewCell.swift */,
				8511CB4427FA0E040020D72C /* UIViewController + alert .swift */,
				8559C1892810CD0000AB7DE6 /* UIView+addBorder.swift */,
				8559C18B2810CE0600AB7DE6 /* UIBarButtonItem+hide.swift */,
				8511CB5227FBD0400020D72C /* APIKeys.swift */,
				8511CB2C27F4EA700020D72C /* Main.storyboard */,
				8511CB2F27F4EA730020D72C /* Assets.xcassets */,
				8511CB3127F4EA730020D72C /* LaunchScreen.storyboard */,
				8511CB3427F4EA730020D72C /* Info.plist */,
				8511CB3A27F4F5230020D72C /* GoogleService-Info.plist */,
			);
			path = Snacktacular;
			sourceTree = "<group>";
		};
		D2F2D4C669461B30512144D2 /* Frameworks */ = {
			isa = PBXGroup;
			children = (
				2DA8035CF0D7100B86228B88 /* Pods_Snacktacular.framework */,
			);
			name = Frameworks;
			sourceTree = "<group>";
		};
		E1E19032FCEAB96ECA3030F4 /* Pods */ = {
			isa = PBXGroup;
			children = (
				F70686CA0D0E0A4AF02001AD /* Pods-Snacktacular.debug.xcconfig */,
				E83C340178C9FC36786616B8 /* Pods-Snacktacular.release.xcconfig */,
			);
			path = Pods;
			sourceTree = "<group>";
		};
/* End PBXGroup section */

/* Begin PBXNativeTarget section */
		8511CB2227F4EA700020D72C /* Snacktacular */ = {
			isa = PBXNativeTarget;
			buildConfigurationList = 8511CB3727F4EA730020D72C /* Build configuration list for PBXNativeTarget "Snacktacular" */;
			buildPhases = (
				9457E14BA9BE0E96E3CC992A /* [CP] Check Pods Manifest.lock */,
				8511CB1F27F4EA700020D72C /* Sources */,
				8511CB2027F4EA700020D72C /* Frameworks */,
				8511CB2127F4EA700020D72C /* Resources */,
				849A7C34B5009F6FAB8E26BA /* [CP] Embed Pods Frameworks */,
				A4A7DDAE596E806FAEEE572E /* [CP] Copy Pods Resources */,
			);
			buildRules = (
			);
			dependencies = (
			);
			name = Snacktacular;
			productName = Snacktacular;
			productReference = 8511CB2327F4EA700020D72C /* Snacktacular.app */;
			productType = "com.apple.product-type.application";
		};
/* End PBXNativeTarget section */

/* Begin PBXProject section */
		8511CB1B27F4EA700020D72C /* Project object */ = {
			isa = PBXProject;
			attributes = {
				BuildIndependentTargetsInParallel = 1;
				LastSwiftUpdateCheck = 1320;
				LastUpgradeCheck = 1320;
				TargetAttributes = {
					8511CB2227F4EA700020D72C = {
						CreatedOnToolsVersion = 13.2.1;
					};
				};
			};
			buildConfigurationList = 8511CB1E27F4EA700020D72C /* Build configuration list for PBXProject "Snacktacular" */;
			compatibilityVersion = "Xcode 13.0";
			developmentRegion = en;
			hasScannedForEncodings = 0;
			knownRegions = (
				en,
				Base,
			);
			mainGroup = 8511CB1A27F4EA700020D72C;
			productRefGroup = 8511CB2427F4EA700020D72C /* Products */;
			projectDirPath = "";
			projectRoot = "";
			targets = (
				8511CB2227F4EA700020D72C /* Snacktacular */,
			);
		};
/* End PBXProject section */

/* Begin PBXResourcesBuildPhase section */
		8511CB2127F4EA700020D72C /* Resources */ = {
			isa = PBXResourcesBuildPhase;
			buildActionMask = 2147483647;
			files = (
				8511CB3327F4EA730020D72C /* LaunchScreen.storyboard in Resources */,
				8511CB3B27F4F5230020D72C /* GoogleService-Info.plist in Resources */,
				8511CB3027F4EA730020D72C /* Assets.xcassets in Resources */,
				8511CB2E27F4EA700020D72C /* Main.storyboard in Resources */,
			);
			runOnlyForDeploymentPostprocessing = 0;
		};
/* End PBXResourcesBuildPhase section */

/* Begin PBXShellScriptBuildPhase section */
		849A7C34B5009F6FAB8E26BA /* [CP] Embed Pods Frameworks */ = {
			isa = PBXShellScriptBuildPhase;
			buildActionMask = 2147483647;
			files = (
			);
			inputFileListPaths = (
				"${PODS_ROOT}/Target Support Files/Pods-Snacktacular/Pods-Snacktacular-frameworks-${CONFIGURATION}-input-files.xcfilelist",
			);
			name = "[CP] Embed Pods Frameworks";
			outputFileListPaths = (
				"${PODS_ROOT}/Target Support Files/Pods-Snacktacular/Pods-Snacktacular-frameworks-${CONFIGURATION}-output-files.xcfilelist",
			);
			runOnlyForDeploymentPostprocessing = 0;
			shellPath = /bin/sh;
			shellScript = "\"${PODS_ROOT}/Target Support Files/Pods-Snacktacular/Pods-Snacktacular-frameworks.sh\"\n";
			showEnvVarsInLog = 0;
		};
		9457E14BA9BE0E96E3CC992A /* [CP] Check Pods Manifest.lock */ = {
			isa = PBXShellScriptBuildPhase;
			buildActionMask = 2147483647;
			files = (
			);
			inputFileListPaths = (
			);
			inputPaths = (
				"${PODS_PODFILE_DIR_PATH}/Podfile.lock",
				"${PODS_ROOT}/Manifest.lock",
			);
			name = "[CP] Check Pods Manifest.lock";
			outputFileListPaths = (
			);
			outputPaths = (
				"$(DERIVED_FILE_DIR)/Pods-Snacktacular-checkManifestLockResult.txt",
			);
			runOnlyForDeploymentPostprocessing = 0;
			shellPath = /bin/sh;
			shellScript = "diff \"${PODS_PODFILE_DIR_PATH}/Podfile.lock\" \"${PODS_ROOT}/Manifest.lock\" > /dev/null\nif [ $? != 0 ] ; then\n    # print error to STDERR\n    echo \"error: The sandbox is not in sync with the Podfile.lock. Run 'pod install' or update your CocoaPods installation.\" >&2\n    exit 1\nfi\n# This output is used by Xcode 'outputs' to avoid re-running this script phase.\necho \"SUCCESS\" > \"${SCRIPT_OUTPUT_FILE_0}\"\n";
			showEnvVarsInLog = 0;
		};
		A4A7DDAE596E806FAEEE572E /* [CP] Copy Pods Resources */ = {
			isa = PBXShellScriptBuildPhase;
			buildActionMask = 2147483647;
			files = (
			);
			inputFileListPaths = (
				"${PODS_ROOT}/Target Support Files/Pods-Snacktacular/Pods-Snacktacular-resources-${CONFIGURATION}-input-files.xcfilelist",
			);
			name = "[CP] Copy Pods Resources";
			outputFileListPaths = (
				"${PODS_ROOT}/Target Support Files/Pods-Snacktacular/Pods-Snacktacular-resources-${CONFIGURATION}-output-files.xcfilelist",
			);
			runOnlyForDeploymentPostprocessing = 0;
			shellPath = /bin/sh;
			shellScript = "\"${PODS_ROOT}/Target Support Files/Pods-Snacktacular/Pods-Snacktacular-resources.sh\"\n";
			showEnvVarsInLog = 0;
		};
/* End PBXShellScriptBuildPhase section */

/* Begin PBXSourcesBuildPhase section */
		8511CB1F27F4EA700020D72C /* Sources */ = {
			isa = PBXSourcesBuildPhase;
			buildActionMask = 2147483647;
			files = (
				8511CB5928049E050020D72C /* Reviews.swift in Sources */,
				8511CB3D27F6269D0020D72C /* SpotsListViewController.swift in Sources */,
				8511CB2B27F4EA700020D72C /* LoginViewController.swift in Sources */,
				8511CB4527FA0E040020D72C /* UIViewController + alert .swift in Sources */,
				8511CB2727F4EA700020D72C /* AppDelegate.swift in Sources */,
				8511CB552803A2F80020D72C /* ReviewTableViewController.swift in Sources */,
				8511CB572803B5FD0020D72C /* Review.swift in Sources */,
				8511CB4727FA14700020D72C /* Spots.swift in Sources */,
				8559C18C2810CE0600AB7DE6 /* UIBarButtonItem+hide.swift in Sources */,
				8511CB4127F64C760020D72C /* SpotDetailViewController.swift in Sources */,
				8511CB5B2804B30B0020D72C /* SpotReviewTableViewCell.swift in Sources */,
				8511CB5327FBD0400020D72C /* APIKeys.swift in Sources */,
				8511CB3F27F647950020D72C /* SpotTableViewCell.swift in Sources */,
				8511CB4327FA02710020D72C /* Spot.swift in Sources */,
				8511CB2927F4EA700020D72C /* SceneDelegate.swift in Sources */,
				8559C18A2810CD0000AB7DE6 /* UIView+addBorder.swift in Sources */,
			);
			runOnlyForDeploymentPostprocessing = 0;
		};
/* End PBXSourcesBuildPhase section */

/* Begin PBXVariantGroup section */
		8511CB2C27F4EA700020D72C /* Main.storyboard */ = {
			isa = PBXVariantGroup;
			children = (
				8511CB2D27F4EA700020D72C /* Base */,
			);
			name = Main.storyboard;
			sourceTree = "<group>";
		};
		8511CB3127F4EA730020D72C /* LaunchScreen.storyboard */ = {
			isa = PBXVariantGroup;
			children = (
				8511CB3227F4EA730020D72C /* Base */,
			);
			name = LaunchScreen.storyboard;
			sourceTree = "<group>";
		};
/* End PBXVariantGroup section */

/* Begin XCBuildConfiguration section */
		8511CB3527F4EA730020D72C /* Debug */ = {
			isa = XCBuildConfiguration;
			buildSettings = {
				ALWAYS_SEARCH_USER_PATHS = NO;
				CLANG_ANALYZER_NONNULL = YES;
				CLANG_ANALYZER_NUMBER_OBJECT_CONVERSION = YES_AGGRESSIVE;
				CLANG_CXX_LANGUAGE_STANDARD = "gnu++17";
				CLANG_CXX_LIBRARY = "libc++";
				CLANG_ENABLE_MODULES = YES;
				CLANG_ENABLE_OBJC_ARC = YES;
				CLANG_ENABLE_OBJC_WEAK = YES;
				CLANG_WARN_BLOCK_CAPTURE_AUTORELEASING = YES;
				CLANG_WARN_BOOL_CONVERSION = YES;
				CLANG_WARN_COMMA = YES;
				CLANG_WARN_CONSTANT_CONVERSION = YES;
				CLANG_WARN_DEPRECATED_OBJC_IMPLEMENTATIONS = YES;
				CLANG_WARN_DIRECT_OBJC_ISA_USAGE = YES_ERROR;
				CLANG_WARN_DOCUMENTATION_COMMENTS = YES;
				CLANG_WARN_EMPTY_BODY = YES;
				CLANG_WARN_ENUM_CONVERSION = YES;
				CLANG_WARN_INFINITE_RECURSION = YES;
				CLANG_WARN_INT_CONVERSION = YES;
				CLANG_WARN_NON_LITERAL_NULL_CONVERSION = YES;
				CLANG_WARN_OBJC_IMPLICIT_RETAIN_SELF = YES;
				CLANG_WARN_OBJC_LITERAL_CONVERSION = YES;
				CLANG_WARN_OBJC_ROOT_CLASS = YES_ERROR;
				CLANG_WARN_QUOTED_INCLUDE_IN_FRAMEWORK_HEADER = YES;
				CLANG_WARN_RANGE_LOOP_ANALYSIS = YES;
				CLANG_WARN_STRICT_PROTOTYPES = YES;
				CLANG_WARN_SUSPICIOUS_MOVE = YES;
				CLANG_WARN_UNGUARDED_AVAILABILITY = YES_AGGRESSIVE;
				CLANG_WARN_UNREACHABLE_CODE = YES;
				CLANG_WARN__DUPLICATE_METHOD_MATCH = YES;
				COPY_PHASE_STRIP = NO;
				DEBUG_INFORMATION_FORMAT = dwarf;
				ENABLE_STRICT_OBJC_MSGSEND = YES;
				ENABLE_TESTABILITY = YES;
				GCC_C_LANGUAGE_STANDARD = gnu11;
				GCC_DYNAMIC_NO_PIC = NO;
				GCC_NO_COMMON_BLOCKS = YES;
				GCC_OPTIMIZATION_LEVEL = 0;
				GCC_PREPROCESSOR_DEFINITIONS = (
					"DEBUG=1",
					"$(inherited)",
				);
				GCC_WARN_64_TO_32_BIT_CONVERSION = YES;
				GCC_WARN_ABOUT_RETURN_TYPE = YES_ERROR;
				GCC_WARN_UNDECLARED_SELECTOR = YES;
				GCC_WARN_UNINITIALIZED_AUTOS = YES_AGGRESSIVE;
				GCC_WARN_UNUSED_FUNCTION = YES;
				GCC_WARN_UNUSED_VARIABLE = YES;
				IPHONEOS_DEPLOYMENT_TARGET = 15.2;
				MTL_ENABLE_DEBUG_INFO = INCLUDE_SOURCE;
				MTL_FAST_MATH = YES;
				ONLY_ACTIVE_ARCH = YES;
				SDKROOT = iphoneos;
				SWIFT_ACTIVE_COMPILATION_CONDITIONS = DEBUG;
				SWIFT_OPTIMIZATION_LEVEL = "-Onone";
			};
			name = Debug;
		};
		8511CB3627F4EA730020D72C /* Release */ = {
			isa = XCBuildConfiguration;
			buildSettings = {
				ALWAYS_SEARCH_USER_PATHS = NO;
				CLANG_ANALYZER_NONNULL = YES;
				CLANG_ANALYZER_NUMBER_OBJECT_CONVERSION = YES_AGGRESSIVE;
				CLANG_CXX_LANGUAGE_STANDARD = "gnu++17";
				CLANG_CXX_LIBRARY = "libc++";
				CLANG_ENABLE_MODULES = YES;
				CLANG_ENABLE_OBJC_ARC = YES;
				CLANG_ENABLE_OBJC_WEAK = YES;
				CLANG_WARN_BLOCK_CAPTURE_AUTORELEASING = YES;
				CLANG_WARN_BOOL_CONVERSION = YES;
				CLANG_WARN_COMMA = YES;
				CLANG_WARN_CONSTANT_CONVERSION = YES;
				CLANG_WARN_DEPRECATED_OBJC_IMPLEMENTATIONS = YES;
				CLANG_WARN_DIRECT_OBJC_ISA_USAGE = YES_ERROR;
				CLANG_WARN_DOCUMENTATION_COMMENTS = YES;
				CLANG_WARN_EMPTY_BODY = YES;
				CLANG_WARN_ENUM_CONVERSION = YES;
				CLANG_WARN_INFINITE_RECURSION = YES;
				CLANG_WARN_INT_CONVERSION = YES;
				CLANG_WARN_NON_LITERAL_NULL_CONVERSION = YES;
				CLANG_WARN_OBJC_IMPLICIT_RETAIN_SELF = YES;
				CLANG_WARN_OBJC_LITERAL_CONVERSION = YES;
				CLANG_WARN_OBJC_ROOT_CLASS = YES_ERROR;
				CLANG_WARN_QUOTED_INCLUDE_IN_FRAMEWORK_HEADER = YES;
				CLANG_WARN_RANGE_LOOP_ANALYSIS = YES;
				CLANG_WARN_STRICT_PROTOTYPES = YES;
				CLANG_WARN_SUSPICIOUS_MOVE = YES;
				CLANG_WARN_UNGUARDED_AVAILABILITY = YES_AGGRESSIVE;
				CLANG_WARN_UNREACHABLE_CODE = YES;
				CLANG_WARN__DUPLICATE_METHOD_MATCH = YES;
				COPY_PHASE_STRIP = NO;
				DEBUG_INFORMATION_FORMAT = "dwarf-with-dsym";
				ENABLE_NS_ASSERTIONS = NO;
				ENABLE_STRICT_OBJC_MSGSEND = YES;
				GCC_C_LANGUAGE_STANDARD = gnu11;
				GCC_NO_COMMON_BLOCKS = YES;
				GCC_WARN_64_TO_32_BIT_CONVERSION = YES;
				GCC_WARN_ABOUT_RETURN_TYPE = YES_ERROR;
				GCC_WARN_UNDECLARED_SELECTOR = YES;
				GCC_WARN_UNINITIALIZED_AUTOS = YES_AGGRESSIVE;
				GCC_WARN_UNUSED_FUNCTION = YES;
				GCC_WARN_UNUSED_VARIABLE = YES;
				IPHONEOS_DEPLOYMENT_TARGET = 15.2;
				MTL_ENABLE_DEBUG_INFO = NO;
				MTL_FAST_MATH = YES;
				SDKROOT = iphoneos;
				SWIFT_COMPILATION_MODE = wholemodule;
				SWIFT_OPTIMIZATION_LEVEL = "-O";
				VALIDATE_PRODUCT = YES;
			};
			name = Release;
		};
		8511CB3827F4EA730020D72C /* Debug */ = {
			isa = XCBuildConfiguration;
			baseConfigurationReference = F70686CA0D0E0A4AF02001AD /* Pods-Snacktacular.debug.xcconfig */;
			buildSettings = {
				ASSETCATALOG_COMPILER_APPICON_NAME = AppIcon;
				ASSETCATALOG_COMPILER_GLOBAL_ACCENT_COLOR_NAME = AccentColor;
				CODE_SIGN_STYLE = Automatic;
				CURRENT_PROJECT_VERSION = 1;
				DEVELOPMENT_TEAM = G2YK9A2XVJ;
				GENERATE_INFOPLIST_FILE = YES;
				INFOPLIST_FILE = Snacktacular/Info.plist;
				INFOPLIST_KEY_UIApplicationSupportsIndirectInputEvents = YES;
				INFOPLIST_KEY_UILaunchStoryboardName = LaunchScreen;
				INFOPLIST_KEY_UIMainStoryboardFile = Main;
				INFOPLIST_KEY_UISupportedInterfaceOrientations_iPad = "UIInterfaceOrientationPortrait UIInterfaceOrientationPortraitUpsideDown UIInterfaceOrientationLandscapeLeft UIInterfaceOrientationLandscapeRight";
				INFOPLIST_KEY_UISupportedInterfaceOrientations_iPhone = "UIInterfaceOrientationPortrait UIInterfaceOrientationLandscapeLeft UIInterfaceOrientationLandscapeRight";
				LD_RUNPATH_SEARCH_PATHS = (
					"$(inherited)",
					"@executable_path/Frameworks",
				);
				MARKETING_VERSION = 1.0;
				PRODUCT_BUNDLE_IDENTIFIER = "Derek-Marble.Snacktacular";
				PRODUCT_NAME = "$(TARGET_NAME)";
				SWIFT_EMIT_LOC_STRINGS = YES;
				SWIFT_VERSION = 5.0;
				TARGETED_DEVICE_FAMILY = "1,2";
			};
			name = Debug;
		};
		8511CB3927F4EA730020D72C /* Release */ = {
			isa = XCBuildConfiguration;
			baseConfigurationReference = E83C340178C9FC36786616B8 /* Pods-Snacktacular.release.xcconfig */;
			buildSettings = {
				ASSETCATALOG_COMPILER_APPICON_NAME = AppIcon;
				ASSETCATALOG_COMPILER_GLOBAL_ACCENT_COLOR_NAME = AccentColor;
				CODE_SIGN_STYLE = Automatic;
				CURRENT_PROJECT_VERSION = 1;
				DEVELOPMENT_TEAM = G2YK9A2XVJ;
				GENERATE_INFOPLIST_FILE = YES;
				INFOPLIST_FILE = Snacktacular/Info.plist;
				INFOPLIST_KEY_UIApplicationSupportsIndirectInputEvents = YES;
				INFOPLIST_KEY_UILaunchStoryboardName = LaunchScreen;
				INFOPLIST_KEY_UIMainStoryboardFile = Main;
				INFOPLIST_KEY_UISupportedInterfaceOrientations_iPad = "UIInterfaceOrientationPortrait UIInterfaceOrientationPortraitUpsideDown UIInterfaceOrientationLandscapeLeft UIInterfaceOrientationLandscapeRight";
				INFOPLIST_KEY_UISupportedInterfaceOrientations_iPhone = "UIInterfaceOrientationPortrait UIInterfaceOrientationLandscapeLeft UIInterfaceOrientationLandscapeRight";
				LD_RUNPATH_SEARCH_PATHS = (
					"$(inherited)",
					"@executable_path/Frameworks",
				);
				MARKETING_VERSION = 1.0;
				PRODUCT_BUNDLE_IDENTIFIER = "Derek-Marble.Snacktacular";
				PRODUCT_NAME = "$(TARGET_NAME)";
				SWIFT_EMIT_LOC_STRINGS = YES;
				SWIFT_VERSION = 5.0;
				TARGETED_DEVICE_FAMILY = "1,2";
			};
			name = Release;
		};
/* End XCBuildConfiguration section */

/* Begin XCConfigurationList section */
		8511CB1E27F4EA700020D72C /* Build configuration list for PBXProject "Snacktacular" */ = {
			isa = XCConfigurationList;
			buildConfigurations = (
				8511CB3527F4EA730020D72C /* Debug */,
				8511CB3627F4EA730020D72C /* Release */,
			);
			defaultConfigurationIsVisible = 0;
			defaultConfigurationName = Release;
		};
		8511CB3727F4EA730020D72C /* Build configuration list for PBXNativeTarget "Snacktacular" */ = {
			isa = XCConfigurationList;
			buildConfigurations = (
				8511CB3827F4EA730020D72C /* Debug */,
				8511CB3927F4EA730020D72C /* Release */,
			);
			defaultConfigurationIsVisible = 0;
			defaultConfigurationName = Release;
		};
/* End XCConfigurationList section */
	};
	rootObject = 8511CB1B27F4EA700020D72C /* Project object */;
}
